cloud.google.com/go v0.12.1-0.20170831101736-2b74e2e25316 h1:6/vyIm7ZJ3DRiRL8VNNEFIh6PeoIOnmDQ3i26kjaZhI=
cloud.google.com/go v0.12.1-0.20170831101736-2b74e2e25316/go.mod h1:aQUYkXzVsufM+DwF1aE+0xfcU+56JwCaLick0ClmMTw=
github.com/aws/aws-sdk-go v1.34.0 h1:brux2dRrlwCF5JhTL7MUT3WUwo9zfDHZZp3+g3Mvlmo=
github.com/aws/aws-sdk-go v1.34.0/go.mod h1:5zCpMtNQVjRREroY7sYe8lOMRSxkhG6MZveU8YkpAk0=
github.com/blang/semver v2.1.0+incompatible h1:TtbN5kU/oDXfHg4iuCEQ+vUTdr8ED02yUWG0f5VPVs8=
github.com/blang/semver v2.1.0+incompatible/go.mod h1:kRBLl5iJ+tD4TcOOxsy/0fnwebNt5EWlYSAyrTnjyyk=
github.com/davecgh/go-spew v1.1.0 h1:ZDRjVQ15GmhC3fiQ8ni8+OwkZQO4DARzQgrnXU1Liz8=
github.com/davecgh/go-spew v1.1.0/go.mod h1:J7Y8YcW2NihsgmVo/mv3lAwl/skON4iLHjSsI+c5H38=
github.com/go-sql-driver/mysql v1.5.0/go.mod h1:DCzpHaOWr8IXmIStZouvnhqoel9Qv2LBy8hT2VhHyBg=
github.com/golang/protobuf v1.3.1 h1:YF8+flBXS5eO826T4nzqPrxfhQThhXl0YzfuUPu4SBg=
github.com/golang/protobuf v1.3.1/go.mod h1:6lQm79b+lXiMfvg/cZm0SGofjICqVBUtrP5yJMmIC1U=
github.com/google/go-cmp v0.3.1 h1:Xye71clBPdm5HgqGwUkwhbynsUJZhDbS20FvLhQ2izg=
github.com/google/go-cmp v0.3.1/go.mod h1:8QqcDgzrUqlUb/G2PQTWiueGozuR1884gddMywk6iLU=
github.com/googleapis/gax-go v0.0.0-20170824001441-2cadd475a3e9 h1:PvaGRWM6M7sQvvlA3CRAl6uIWzlQ+vKY7bPLmhv17F0=
github.com/googleapis/gax-go v0.0.0-20170824001441-2cadd475a3e9/go.mod h1:SFVmujtThgffbyetf+mdk2eWhX2bMyUtNHzFKcPA9HY=
github.com/jmespath/go-jmespath v0.3.0 h1:OS12ieG61fsCg5+qLJ+SsW9NicxNkg3b25OyT2yCeUc=
github.com/jmespath/go-jmespath v0.3.0/go.mod h1:9QtRXoHjLGCJ5IBSaohpXITPlowMeeYCZ7fLUTSywik=
github.com/mitchellh/mapstructure v0.0.0-20160212031839-d2dd02622084 h1:Z2EJ6SUYrzx6J/YH/ltZthkUQTB/5+Ykpkew6y9DGJE=
github.com/mitchellh/mapstructure v0.0.0-20160212031839-d2dd02622084/go.mod h1:FVVH3fgwuzCH5S8UJGiWEs2h04kUh9fWfEaFds41c1Y=
github.com/nu7hatch/gouuid v0.0.0-20131221200532-179d4d0c4d8d h1:VhgPp6v9qf9Agr/56bj7Y/xa04UccTW04VP0Qed4vnQ=
github.com/nu7hatch/gouuid v0.0.0-20131221200532-179d4d0c4d8d/go.mod h1:YUTz3bUH2ZwIWBy3CJBeOBEugqcmXREj14T+iG/4k4U=
github.com/onsi/ginkgo v1.2.1-0.20160314195341-c3a655f9b37a h1:pPMpXkoM07GvwtFuclMHogRm/hG+h8FlCAAJ2x3tSVY=
github.com/onsi/ginkgo v1.2.1-0.20160314195341-c3a655f9b37a/go.mod h1:lLunBs/Ym6LB5Z9jYTR76FiuTmxDTDusOGeTQH+WWjE=
github.com/onsi/gomega v0.0.0-20160305213952-7ce781ea776b h1:kgsQnx6UMOb4IUoPu88G/3dEIm6JSO5BWvwQ3eOmU28=
github.com/onsi/gomega v0.0.0-20160305213952-7ce781ea776b/go.mod h1:C1qb7wdrVGGVU+Z6iS04AVkA3Q65CEZX59MT0QO5uiA=
github.com/pkg/errors v0.9.1/go.mod h1:bwawxfHBFNV+L2hUp1rHADufV3IMtnDRdf1r5NINEl0=
github.com/pmezard/go-difflib v1.0.0 h1:4DBwDE0NGyQoBHbLQYPwSUPoCMWR5BEzIk/f1lZbAQM=
github.com/pmezard/go-difflib v1.0.0/go.mod h1:iKH77koFhYxTK1pcRnkKkqfTogsbg7gZNVY4sRDYZ/4=
github.com/rackspace/gophercloud v1.0.1-0.20160229015950-f3d053460f7c h1:DXSy4KZJNgdnb1aSX636Km+LRTzxi8gkTSHs8YM17pQ=
github.com/rackspace/gophercloud v1.0.1-0.20160229015950-f3d053460f7c/go.mod h1:4bJ1FwuaBZ6dt1VcDX5/O662mwR8GWqS4l68H6hkoYQ=
github.com/stretchr/objx v0.1.0/go.mod h1:HFkY916IF+rwdDfMAkV7OtwuqBVzrE8GR6GFx+wExME=
github.com/stretchr/testify v1.5.1 h1:nOGnQDM7FYENwehXlg/kFVnos3rEvtKTjRvOWSzb6H4=
github.com/stretchr/testify v1.5.1/go.mod h1:5W2xD1RspED5o8YsWQXVCued0rvSQ+mT+I5cxcmMvtA=
golang.org/x/crypto v0.0.0-20190308221718-c2843e01d9a2/go.mod h1:djNgcEr1/C05ACkg1iLfiJU5Ep61QUkGW8qpdssI0+w=
golang.org/x/net v0.0.0-20190603091049-60506f45cf65/go.mod h1:HSz+uSET+XFnRR8LxR5pz3Of3rY3CfYBVs4xY44aLks=
golang.org/x/net v0.0.0-20200202094626-16171245cfb2 h1:CCH4IOTTfewWjGOlSp+zGcjutRKlBEZQ6wTn8ozI/nI=
golang.org/x/net v0.0.0-20200202094626-16171245cfb2/go.mod h1:z5CRVTTTmAJ677TzLLGU+0bjPO0LkuOLi4/5GtJWs/s=
golang.org/x/oauth2 v0.0.0-20170807180024-9a379c6b3e95 h1:RS+wSrhdVci7CsPwJaMN8exaP3UTuQU0qB34R/E/JD0=
golang.org/x/oauth2 v0.0.0-20170807180024-9a379c6b3e95/go.mod h1:N/0e6XlmueqKjAGxoOufVs8QHGRruUQn6yWY3a++T0U=
golang.org/x/sys v0.0.0-20190215142949-d0b11bdaac8a/go.mod h1:STP8DvDyc/dI5b8T5hshtkjS+E42TnysNCUPdjciGhY=
golang.org/x/text v0.3.0/go.mod h1:NqM8EUOU14njkJ3fqMW+pc6Ldnwhi/IjpwHt7yyuwOQ=
golang.org/x/text v0.3.2/go.mod h1:bEr9sfX3Q8Zfm5fL9x+3itogRgK3+ptLWKqgva+5dAk=
golang.org/x/text v0.3.6 h1:aRYxNxv6iGQlyVaZmk6ZgYEDa+Jg18DxebPSrd6bg1M=
golang.org/x/text v0.3.6/go.mod h1:5Zoc/QRtKVWzQhOtBMvqHzDpF6irO9z98xDceosuGiQ=
golang.org/x/tools v0.0.0-20180917221912-90fa682c2a6e/go.mod h1:n7NCudcB/nEzxVGmLbDWY5pfWTLqBcC2KZ6jyYvM4mQ=
google.golang.org/api v0.0.0-20170901000407-955a3ae66b42 h1:WJEkirbfmduoS7Kt44iT57Uf5o3mjlbiE07YupoFoNo=
google.golang.org/api v0.0.0-20170901000407-955a3ae66b42/go.mod h1:4mhQ8q/RsB7i+udVvVy5NUi08OU8ZlA0gRVgrF7VFY0=
google.golang.org/appengine v1.6.5 h1:tycE03LOZYQNhDpS27tcQdAzLCVMaj7QT2SXxebnpCM=
google.golang.org/appengine v1.6.5/go.mod h1:8WjMMxjGQR8xUklV/ARdw2HLXBOI7O7uCIDZVag1xfc=
google.golang.org/genproto v0.0.0-20170818010345-ee236bd376b0 h1:ZvI3lsq5AIkr7axxmT3tfwFlJVRFLqe6Fp0W03+MJ38=
google.golang.org/genproto v0.0.0-20170818010345-ee236bd376b0/go.mod h1:JiN7NxoALGmiZfu7CAH4rXhgtRTLTxftemlI0sWmxmc=
google.golang.org/grpc v1.2.1-0.20170831175909-8233e124e463 h1:pRURgCshz2CC1kJ3xQz8hGhU5aHw8rNsQsduGhmgcV4=
google.golang.org/grpc v1.2.1-0.20170831175909-8233e124e463/go.mod h1:yo6s7OP7yaDglbqo1J04qKzAhqBH6lvTonzMVmEdcZw=
gopkg.in/check.v1 v0.0.0-20161208181325-20d25e280405 h1:yhCVgyC4o1eVCa2tZl7eS0r+SDo693bJlVdllGtEeKM=
gopkg.in/check.v1 v0.0.0-20161208181325-20d25e280405/go.mod h1:Co6ibVJAznAaIkqp8huTwlJQCZ016jof/cbN4VW5Yz0=
gopkg.in/yaml.v2 v2.2.2 h1:ZCJp+EgiOT7lHqUV2J862kp8Qj64Jo6az82+3Td9dZw=
gopkg.in/yaml.v2 v2.2.2/go.mod h1:hI93XBmqTisBFMUTm0b8Fm+jr3Dg1NNxqwp+5A1VGuI=
